<Solution>
  <Folder Name="/Solution Items/">
    <File Path=".editorconfig" />
    <File Path="Directory.Build.props" />
    <File Path="Directory.Packages.props" />
    <File Path="global.json" />
  </Folder>
  <Folder Name="/src/">
    <Project Path="src/LlrpCli/LlrpCli.csproj" />
    <Project Path="src/LlrpVirtualDevice.Cli/LlrpVirtualDevice.Cli.csproj" />
  </Folder>
  <Folder Name="/src/LlrpDevice/">
    <Project Path="src/LlrpDevice.Abstractions/LlrpDevice.Abstractions.csproj" />
    <Project Path="src/LlrpDevice.Server/LlrpDevice.Server.csproj" />
    <Project Path="src/LlrpDevice.Virtual/LlrpDevice.Virtual.csproj" />
    <Project Path="src/LlrpDevice.Virtual.Hosting/LlrpDevice.Virtual.Hosting.csproj" />
  </Folder>
  <Folder Name="/src/LlrpNet/">
    <Project Path="src/LlrpNet/LlrpNet.Core/LlrpNet.Core.csproj" />
    <Project Path="src/LlrpNet/LlrpNet.Protocol/LlrpNet.Protocol.csproj" />
    <Project Path="src/LlrpNet/LlrpNet.Protocol.Impinj/LlrpNet.Protocol.Impinj.csproj" />
    <Project Path="src/LlrpNet/LlrpNet.Protocol.Zebra/LlrpNet.Protocol.Zebra.csproj" />
    <Project Path="src/LlrpNet/LlrpNet.ProtocolModel/LlrpNet.ProtocolModel.csproj" />
    <Project Path="src/LlrpNet/LlrpNet.ProtocolGenerator/LlrpNet.ProtocolGenerator.csproj" />
    <Project Path="src/LlrpNet/LlrpNet.ProtocolGenerator.Tool/LlrpNet.ProtocolGenerator.Tool.csproj" />
  </Folder>
  <Folder Name="/src/LlrpSdk/">
    <Project Path="src/LlrpSdk.Extensions.Abstractions/LlrpSdk.Extensions.Abstractions.csproj" />
    <Project Path="src/LlrpSdk.Extensions.Impinj/LlrpSdk.Extensions.Impinj.csproj" />
    <Project Path="src/LlrpSdk.Extensions.Seuic/LlrpSdk.Extensions.Seuic.csproj" />
    <Project Path="src/LlrpSdk.Extensions.Zebra/LlrpSdk.Extensions.Zebra.csproj" />
    <Project Path="src/LlrpSdk/LlrpSdk.csproj" />
  </Folder>
  <Folder Name="/tests/">
    <Project Path="tests/LlrpDevice.Abstractions.Tests/LlrpDevice.Abstractions.Tests.csproj" />
    <Project Path="tests/Interop.Tests/Interop.Tests.csproj" />
    <Project Path="tests/LlrpCli.Tests/LlrpCli.Tests.csproj" />
    <Project Path="tests/LlrpNet.Core.Tests/LlrpNet.Core.Tests.csproj" />
    <Project Path="tests/LlrpNet.Protocol.Impinj.Tests/LlrpNet.Protocol.Impinj.Tests.csproj" />
    <Project Path="tests/LlrpNet.Protocol.Zebra.Tests/LlrpNet.Protocol.Zebra.Tests.csproj" />
    <Project Path="tests/LlrpNet.Protocol.Tests/LlrpNet.Protocol.Tests.csproj" />
    <Project Path="tests/LlrpNet.ProtocolGenerator.Tests/LlrpNet.ProtocolGenerator.Tests.csproj" />
    <Project Path="tests/LlrpNet.ProtocolModel.Tests/LlrpNet.ProtocolModel.Tests.csproj" />
    <Project Path="tests/LlrpSdk.Tests/LlrpSdk.Tests.csproj" />
    <Project Path="tests/LlrpSdk.Extensions.Impinj.Tests/LlrpSdk.Extensions.Impinj.Tests.csproj" />
    <Project Path="tests/LlrpSdk.Extensions.Zebra.Tests/LlrpSdk.Extensions.Zebra.Tests.csproj" />
    <Project Path="tests/LlrpSdk.Hardware.Tests/LlrpSdk.Hardware.Tests.csproj" />
    <Project Path="tests/LlrpDevice.Virtual.Tests/LlrpDevice.Virtual.Tests.csproj" />
    <Project Path="tests/LlrpDevice.Server.Tests/LlrpDevice.Server.Tests.csproj" />
    <Project Path="tests/LlrpDevice.Virtual.Hosting.Tests/LlrpDevice.Virtual.Hosting.Tests.csproj" />
    <Project Path="tests/LlrpVirtualDevice.Cli.Tests/LlrpVirtualDevice.Cli.Tests.csproj" />
  </Folder>
  <Folder Name="/tools/">
    <Project Path="tools/LlrpSdk.LiveSmoke/LlrpSdk.LiveSmoke.csproj" />
  </Folder>
  <Folder Name="/definitions/">
    <File Path="definitions/llrp-definition.schema.yaml" />
    <File Path="definitions/llrp-1.1.yaml" />
    <File Path="definitions/llrp-2.0-delta.yaml" />
  </Folder>
  <Folder Name="/definitions/extensions/">
    <File Path="definitions/extensions/.gitkeep" />
    <File Path="definitions/extensions/zebra.yml" />
  </Folder>
  <Folder Name="/definitions/imports/xml/">
    <File Path="definitions/imports/xml/.gitkeep" />
  </Folder>
  <Folder Name="/definitions/imports/xml/llrp-1.0.1/">
    <File Path="definitions/imports/xml/llrp-1.0.1/llrp-1x0-def.xml" />
    <File Path="definitions/imports/xml/llrp-1.0.1/llrp-1x0.xsd" />
  </Folder>

  <Folder Name="/docs/">
    <File Path="docs/README.md" />
    <File Path="docs/roadmap.md" />
    <File Path="docs/showcase.md" />
    <File Path="docs/showcase.zh.md" />
    <File Path="docs/status.md" />
  </Folder>
  <Folder Name="/docs/acceptance/">
    <File Path="docs/acceptance/reader-interoperability.md" />
  </Folder>
  <Folder Name="/docs/adr/">
    <File Path="docs/adr/0001-structured-logging-and-frame-observation.md" />
    <File Path="docs/adr/0002-reader-extension-active-initialization.md" />
    <File Path="docs/adr/0003-reader-configuration-default-profiles.md" />
    <File Path="docs/adr/0004-reader-contributors.md" />
    <File Path="docs/adr/0005-llrp101-reader-first-delivery.md" />
    <File Path="docs/adr/0006-preset-driven-virtual-reader-manager.md" />
    <File Path="docs/adr/0007-llrp-device-server-device-abstraction.md" />
    <File Path="docs/adr/0008-single-virtual-device-sdk-and-cli.md" />
    <File Path="docs/adr/README.md" />
  </Folder>
  <Folder Name="/docs/architecture/">
    <File Path="docs/architecture/cli-command-system.md" />
    <File Path="docs/architecture/llrpnet-llrpsdk-analysis.md" />
    <File Path="docs/architecture/overview.md" />
    <File Path="docs/architecture/overview.zh.md" />
    <File Path="docs/architecture/protocol-extension-guide.md" />
    <File Path="docs/architecture/protocol-extension-guide.zh.md" />
    <File Path="docs/architecture/source-structure.md" />
  </Folder>
  <Folder Name="/docs/guides/">
    <File Path="docs/guides/README.md" />
    <File Path="docs/guides/cli-user-guide.md" />
    <File Path="docs/guides/sdk-api-guide.md" />
  </Folder>
  <Folder Name="/docs/images/">
    <File Path="docs/images/architecture.svg" />
    <File Path="docs/images/architecture.zh.svg" />
    <File Path="docs/images/llrpcsharp_infographic.png" />
    <File Path="docs/images/sequence_workflow.svg" />
    <File Path="docs/images/vendor_extension_infographic.png" />
  </Folder>
  <Folder Name="/docs/references/">
    <File Path="docs/references/README.md" />
  </Folder>
  <Folder Name="/docs/references/zebra/">
    <File Path="docs/references/zebra/llrp-1.0.1-extensions.md" />
  </Folder>
  <Folder Name="/docs/references/impinj/">
    <File Path="docs/references/impinj/llrp-extension-alignment.md" />
    <File Path="docs/references/impinj/octane-sdk-architecture.md" />
  </Folder>
  <Folder Name="/docs/references/standards/">
    <File Path="docs/references/standards/README.md" />
  </Folder>
  <Folder Name="/docs/references/standards/llrp-1.0.1/">
    <File Path="docs/references/standards/llrp-1.0.1/llrp_1_0_1-standard-20070813.pdf" />
  </Folder>
  <Folder Name="/docs/references/standards/llrp-1.1/">
    <File Path="docs/references/standards/llrp-1.1/llrp_1_1-conformance-20101013.pdf" />
    <File Path="docs/references/standards/llrp-1.1/llrp_1_1-standard-20101013.pdf" />
  </Folder>
  <Folder Name="/docs/references/standards/llrp-2.0/">
    <File Path="docs/references/standards/llrp-2.0/LLRP_standard_i2_r_2021-01-27.pdf" />
  </Folder>
  <Folder Name="/docs/releases/">
    <File Path="docs/releases/v0.2.0.md" />
    <File Path="docs/releases/v0.3.0.md" />
    <File Path="docs/releases/v0.3.1.md" />
    <File Path="docs/releases/v0.4.0.md" />
    <File Path="docs/releases/v0.5.0.md" />
    <File Path="docs/releases/v0.6.0.md" />
    <File Path="docs/releases/v0.7.0.md" />
    <File Path="docs/releases/v0.7.1.md" />
    <File Path="docs/releases/v0.7.2.md" />
    <File Path="docs/releases/v0.8.0.md" />
  </Folder>

</Solution>
